
Microsoft Visual Studio Solution File, Format Version 12.00
# Visual Studio 15
VisualStudioVersion = 15.0.28307.136
MinimumVisualStudioVersion = 10.0.40219.1
Project("{7CF6DF6D-3B04-46F8-A40B-537D21BCA0B4}") = "Documentation", "Documentation\Documentation.shfbproj", "{C32D912F-13FB-4DD0-9234-581B6315D7A8}"
EndProject
Project("{9A19103F-16F7-4668-BE54-9A1E7A4F7556}") = "Tests.Hgk.Zero", "Tests.Hgk.Zero\Tests.Hgk.Zero.csproj", "{A9E82827-AC98-4FAE-9EC2-A883452C7A8E}"
EndProject
Project("{9A19103F-16F7-4668-BE54-9A1E7A4F7556}") = "Hgk.Zero.Options", "Hgk.Zero.Options\Hgk.Zero.Options.csproj", "{D3EBFECF-11E4-4C1C-8240-3EC8A883A499}"
EndProject
Project("{9A19103F-16F7-4668-BE54-9A1E7A4F7556}") = "Hgk.Zero.Strings", "Hgk.Zero.Strings\Hgk.Zero.Strings.csproj", "{1D65BA29-3557-4B22-98E8-9E53B860D13C}"
EndProject
Global
	GlobalSection(SolutionConfigurationPlatforms) = preSolution
		Debug|Any CPU = Debug|Any CPU
		Release|Any CPU = Release|Any CPU
	EndGlobalSection
	GlobalSection(ProjectConfigurationPlatforms) = postSolution
		{C32D912F-13FB-4DD0-9234-581B6315D7A8}.Debug|Any CPU.ActiveCfg = Debug|Any CPU
		{C32D912F-13FB-4DD0-9234-581B6315D7A8}.Release|Any CPU.ActiveCfg = Release|Any CPU
		{A9E82827-AC98-4FAE-9EC2-A883452C7A8E}.Debug|Any CPU.ActiveCfg = Debug|Any CPU
		{A9E82827-AC98-4FAE-9EC2-A883452C7A8E}.Debug|Any CPU.Build.0 = Debug|Any CPU
		{A9E82827-AC98-4FAE-9EC2-A883452C7A8E}.Release|Any CPU.ActiveCfg = Release|Any CPU
		{A9E82827-AC98-4FAE-9EC2-A883452C7A8E}.Release|Any CPU.Build.0 = Release|Any CPU
		{D3EBFECF-11E4-4C1C-8240-3EC8A883A499}.Debug|Any CPU.ActiveCfg = Debug|Any CPU
		{D3EBFECF-11E4-4C1C-8240-3EC8A883A499}.Debug|Any CPU.Build.0 = Debug|Any CPU
		{D3EBFECF-11E4-4C1C-8240-3EC8A883A499}.Release|Any CPU.ActiveCfg = Release|Any CPU
		{D3EBFECF-11E4-4C1C-8240-3EC8A883A499}.Release|Any CPU.Build.0 = Release|Any CPU
		{1D65BA29-3557-4B22-98E8-9E53B860D13C}.Debug|Any CPU.ActiveCfg = Debug|Any CPU
		{1D65BA29-3557-4B22-98E8-9E53B860D13C}.Debug|Any CPU.Build.0 = Debug|Any CPU
		{1D65BA29-3557-4B22-98E8-9E53B860D13C}.Release|Any CPU.ActiveCfg = Release|Any CPU
		{1D65BA29-3557-4B22-98E8-9E53B860D13C}.Release|Any CPU.Build.0 = Release|Any CPU
	EndGlobalSection
	GlobalSection(SolutionProperties) = preSolution
		HideSolutionNode = FALSE
	EndGlobalSection
	GlobalSection(ExtensibilityGlobals) = postSolution
		SolutionGuid = {C0E54813-BC60-4CD5-81EB-CDD09A937F56}
	EndGlobalSection
EndGlobal
